
Microsoft Visual Studio Solution File, Format Version 12.00
# Visual Studio Version 17
VisualStudioVersion = 17.9.34622.214
MinimumVisualStudioVersion = 10.0.40219.1
Project("{FAE04EC0-301F-11D3-BF4B-00C04F79EFBC}") = "ThirdProject", "ThirdProject\ThirdProject.csproj", "{C919DC34-18BD-4A03-B4F5-302E0101946C}"
EndProject
Global
	GlobalSection(SolutionConfigurationPlatforms) = preSolution
		Debug|Any CPU = Debug|Any CPU
		Release|Any CPU = Release|Any CPU
	EndGlobalSection
	GlobalSection(ProjectConfigurationPlatforms) = postSolution
		{C919DC34-18BD-4A03-B4F5-302E0101946C}.Debug|Any CPU.ActiveCfg = Debug|Any CPU
		{C919DC34-18BD-4A03-B4F5-302E0101946C}.Debug|Any CPU.Build.0 = Debug|Any CPU
		{C919DC34-18BD-4A03-B4F5-302E0101946C}.Release|Any CPU.ActiveCfg = Release|Any CPU
		{C919DC34-18BD-4A03-B4F5-302E0101946C}.Release|Any CPU.Build.0 = Release|Any CPU
	EndGlobalSection
	GlobalSection(SolutionProperties) = preSolution
		HideSolutionNode = FALSE
	EndGlobalSection
	GlobalSection(ExtensibilityGlobals) = postSolution
		SolutionGuid = {35FC7C42-2472-4CDE-B788-07EF563D6113}
	EndGlobalSection
EndGlobal
